
Microsoft Visual Studio Solution File, Format Version 12.00
# Visual Studio 15
VisualStudioVersion = 15.0.28010.2048
MinimumVisualStudioVersion = 10.0.40219.1
Project("{FAE04EC0-301F-11D3-BF4B-00C04F79EFBC}") = "NBMFS", "NBMFS\NBMFS.csproj", "{C7ADD004-9330-4AE8-8CB3-E3C2B1B86F8D}"
EndProject
Project("{FAE04EC0-301F-11D3-BF4B-00C04F79EFBC}") = "NBMFStest", "NBMFStest\NBMFStest.csproj", "{335CF26E-9219-43DA-861D-F7032F504772}"
EndProject
Global
	GlobalSection(SolutionConfigurationPlatforms) = preSolution
		Debug|Any CPU = Debug|Any CPU
		Release|Any CPU = Release|Any CPU
	EndGlobalSection
	GlobalSection(ProjectConfigurationPlatforms) = postSolution
		{C7ADD004-9330-4AE8-8CB3-E3C2B1B86F8D}.Debug|Any CPU.ActiveCfg = Debug|Any CPU
		{C7ADD004-9330-4AE8-8CB3-E3C2B1B86F8D}.Debug|Any CPU.Build.0 = Debug|Any CPU
		{C7ADD004-9330-4AE8-8CB3-E3C2B1B86F8D}.Release|Any CPU.ActiveCfg = Release|Any CPU
		{C7ADD004-9330-4AE8-8CB3-E3C2B1B86F8D}.Release|Any CPU.Build.0 = Release|Any CPU
		{335CF26E-9219-43DA-861D-F7032F504772}.Debug|Any CPU.ActiveCfg = Debug|Any CPU
		{335CF26E-9219-43DA-861D-F7032F504772}.Debug|Any CPU.Build.0 = Debug|Any CPU
		{335CF26E-9219-43DA-861D-F7032F504772}.Release|Any CPU.ActiveCfg = Release|Any CPU
		{335CF26E-9219-43DA-861D-F7032F504772}.Release|Any CPU.Build.0 = Release|Any CPU
	EndGlobalSection
	GlobalSection(SolutionProperties) = preSolution
		HideSolutionNode = FALSE
	EndGlobalSection
	GlobalSection(ExtensibilityGlobals) = postSolution
		SolutionGuid = {295F35A9-9829-4E88-86CB-DE3500FE47BD}
	EndGlobalSection
EndGlobal
